
Microsoft Visual Studio Solution File, Format Version 12.00
# Visual Studio Version 16
VisualStudioVersion = 16.0.31911.196
MinimumVisualStudioVersion = 10.0.40219.1
Project("{FAE04EC0-301F-11D3-BF4B-00C04F79EFBC}") = "FavoriteBook", "FavoriteBook\FavoriteBook.csproj", "{EDEA34AD-A20A-47A1-8EFE-968EA7C6645A}"
EndProject
Global
	GlobalSection(SolutionConfigurationPlatforms) = preSolution
		Debug|Any CPU = Debug|Any CPU
		Release|Any CPU = Release|Any CPU
	EndGlobalSection
	GlobalSection(ProjectConfigurationPlatforms) = postSolution
		{EDEA34AD-A20A-47A1-8EFE-968EA7C6645A}.Debug|Any CPU.ActiveCfg = Debug|Any CPU
		{EDEA34AD-A20A-47A1-8EFE-968EA7C6645A}.Debug|Any CPU.Build.0 = Debug|Any CPU
		{EDEA34AD-A20A-47A1-8EFE-968EA7C6645A}.Release|Any CPU.ActiveCfg = Release|Any CPU
		{EDEA34AD-A20A-47A1-8EFE-968EA7C6645A}.Release|Any CPU.Build.0 = Release|Any CPU
	EndGlobalSection
	GlobalSection(SolutionProperties) = preSolution
		HideSolutionNode = FALSE
	EndGlobalSection
	GlobalSection(ExtensibilityGlobals) = postSolution
		SolutionGuid = {1259D88B-DB1F-4335-954F-62558F9593F9}
	EndGlobalSection
EndGlobal
